// !$*UTF8*$!
{
	archiveVersion = 1;
	classes = {
	};
	objectVersion = 46;
	objects = {

/* Begin PBXBuildFile section */
		6B1B54A81B6AF69300E6F8FD /* main.m in Sources */ = {isa = PBXBuildFile; fileRef = 6B1B54A71B6AF69300E6F8FD /* main.m */; };
		6B1B54B31B6AF69300E6F8FD /* Assets.xcassets in Resources */ = {isa = PBXBuildFile; fileRef = 6B1B54B21B6AF69300E6F8FD /* Assets.xcassets */; };
		6B1B54B61B6AF69300E6F8FD /* LaunchScreen.storyboard in Resources */ = {isa = PBXBuildFile; fileRef = 6B1B54B41B6AF69300E6F8FD /* LaunchScreen.storyboard */; };
		6B1B54CF1B6AF6B100E6F8FD /* AppDelegate.m in Sources */ = {isa = PBXBuildFile; fileRef = 6B1B54BE1B6AF6B000E6F8FD /* AppDelegate.m */; };
		6B1B54D01B6AF6B100E6F8FD /* TrieController.m in Sources */ = {isa = PBXBuildFile; fileRef = 6B1B54C01B6AF6B000E6F8FD /* TrieController.m */; };
		6B1B54D11B6AF6B100E6F8FD /* Trie.m in Sources */ = {isa = PBXBuildFile; fileRef = 6B1B54C21B6AF6B000E6F8FD /* Trie.m */; };
		6B1B54D21B6AF6B100E6F8FD /* TrieDataSource.m in Sources */ = {isa = PBXBuildFile; fileRef = 6B1B54C41B6AF6B000E6F8FD /* TrieDataSource.m */; };
		6B1B54D31B6AF6B100E6F8FD /* TrieCell.m in Sources */ = {isa = PBXBuildFile; fileRef = 6B1B54C61B6AF6B000E6F8FD /* TrieCell.m */; };
		6B1B54D41B6AF6B100E6F8FD /* TrieLayout.m in Sources */ = {isa = PBXBuildFile; fileRef = 6B1B54C81B6AF6B000E6F8FD /* TrieLayout.m */; };
		6B1B54D51B6AF6B100E6F8FD /* TrieLayoutAttributes.m in Sources */ = {isa = PBXBuildFile; fileRef = 6B1B54CA1B6AF6B000E6F8FD /* TrieLayoutAttributes.m */; };
		6B1B54D61B6AF6B100E6F8FD /* TrieSuppView.m in Sources */ = {isa = PBXBuildFile; fileRef = 6B1B54CC1B6AF6B000E6F8FD /* TrieSuppView.m */; };
		6B1B54D71B6AF6B100E6F8FD /* Main.storyboard in Resources */ = {isa = PBXBuildFile; fileRef = 6B1B54CD1B6AF6B000E6F8FD /* Main.storyboard */; };
		6B1B54D81B6AF6B100E6F8FD /* README.md in Sources */ = {isa = PBXBuildFile; fileRef = 6B1B54CE1B6AF6B000E6F8FD /* README.md */; };
/* End PBXBuildFile section */

/* Begin PBXFileReference section */
		6B1B54A31B6AF69300E6F8FD /* Tree.app */ = {isa = PBXFileReference; explicitFileType = wrapper.application; includeInIndex = 0; path = Tree.app; sourceTree = BUILT_PRODUCTS_DIR; };
		6B1B54A71B6AF69300E6F8FD /* main.m */ = {isa = PBXFileReference; lastKnownFileType = sourcecode.c.objc; path = main.m; sourceTree = "<group>"; };
		6B1B54B21B6AF69300E6F8FD /* Assets.xcassets */ = {isa = PBXFileReference; lastKnownFileType = folder.assetcatalog; path = Assets.xcassets; sourceTree = "<group>"; };
		6B1B54B51B6AF69300E6F8FD /* Base */ = {isa = PBXFileReference; lastKnownFileType = file.storyboard; name = Base; path = Base.lproj/LaunchScreen.storyboard; sourceTree = "<group>"; };
		6B1B54B71B6AF69300E6F8FD /* Info.plist */ = {isa = PBXFileReference; lastKnownFileType = text.plist.xml; path = Info.plist; sourceTree = "<group>"; };
		6B1B54BD1B6AF6B000E6F8FD /* AppDelegate.h */ = {isa = PBXFileReference; fileEncoding = 4; lastKnownFileType = sourcecode.c.h; path = AppDelegate.h; sourceTree = "<group>"; };
		6B1B54BE1B6AF6B000E6F8FD /* AppDelegate.m */ = {isa = PBXFileReference; fileEncoding = 4; lastKnownFileType = sourcecode.c.objc; path = AppDelegate.m; sourceTree = "<group>"; };
		6B1B54BF1B6AF6B000E6F8FD /* TrieController.h */ = {isa = PBXFileReference; fileEncoding = 4; lastKnownFileType = sourcecode.c.h; path = TrieController.h; sourceTree = "<group>"; };
		6B1B54C01B6AF6B000E6F8FD /* TrieController.m */ = {isa = PBXFileReference; fileEncoding = 4; lastKnownFileType = sourcecode.c.objc; path = TrieController.m; sourceTree = "<group>"; };
		6B1B54C11B6AF6B000E6F8FD /* Trie.h */ = {isa = PBXFileReference; fileEncoding = 4; lastKnownFileType = sourcecode.c.h; path = Trie.h; sourceTree = "<group>"; };
		6B1B54C21B6AF6B000E6F8FD /* Trie.m */ = {isa = PBXFileReference; fileEncoding = 4; lastKnownFileType = sourcecode.c.objc; path = Trie.m; sourceTree = "<group>"; };
		6B1B54C31B6AF6B000E6F8FD /* TrieDataSource.h */ = {isa = PBXFileReference; fileEncoding = 4; lastKnownFileType = sourcecode.c.h; path = TrieDataSource.h; sourceTree = "<group>"; };
		6B1B54C41B6AF6B000E6F8FD /* TrieDataSource.m */ = {isa = PBXFileReference; fileEncoding = 4; lastKnownFileType = sourcecode.c.objc; path = TrieDataSource.m; sourceTree = "<group>"; };
		6B1B54C51B6AF6B000E6F8FD /* TrieCell.h */ = {isa = PBXFileReference; fileEncoding = 4; lastKnownFileType = sourcecode.c.h; path = TrieCell.h; sourceTree = "<group>"; };
		6B1B54C61B6AF6B000E6F8FD /* TrieCell.m */ = {isa = PBXFileReference; fileEncoding = 4; lastKnownFileType = sourcecode.c.objc; path = TrieCell.m; sourceTree = "<group>"; };
		6B1B54C71B6AF6B000E6F8FD /* TrieLayout.h */ = {isa = PBXFileReference; fileEncoding = 4; lastKnownFileType = sourcecode.c.h; path = TrieLayout.h; sourceTree = "<group>"; };
		6B1B54C81B6AF6B000E6F8FD /* TrieLayout.m */ = {isa = PBXFileReference; fileEncoding = 4; lastKnownFileType = sourcecode.c.objc; path = TrieLayout.m; sourceTree = "<group>"; };
		6B1B54C91B6AF6B000E6F8FD /* TrieLayoutAttributes.h */ = {isa = PBXFileReference; fileEncoding = 4; lastKnownFileType = sourcecode.c.h; path = TrieLayoutAttributes.h; sourceTree = "<group>"; };
		6B1B54CA1B6AF6B000E6F8FD /* TrieLayoutAttributes.m */ = {isa = PBXFileReference; fileEncoding = 4; lastKnownFileType = sourcecode.c.objc; path = TrieLayoutAttributes.m; sourceTree = "<group>"; };
		6B1B54CB1B6AF6B000E6F8FD /* TrieSuppView.h */ = {isa = PBXFileReference; fileEncoding = 4; lastKnownFileType = sourcecode.c.h; path = TrieSuppView.h; sourceTree = "<group>"; };
		6B1B54CC1B6AF6B000E6F8FD /* TrieSuppView.m */ = {isa = PBXFileReference; fileEncoding = 4; lastKnownFileType = sourcecode.c.objc; path = TrieSuppView.m; sourceTree = "<group>"; };
		6B1B54CD1B6AF6B000E6F8FD /* Main.storyboard */ = {isa = PBXFileReference; fileEncoding = 4; lastKnownFileType = file.storyboard; path = Main.storyboard; sourceTree = "<group>"; };
		6B1B54CE1B6AF6B000E6F8FD /* README.md */ = {isa = PBXFileReference; fileEncoding = 4; lastKnownFileType = net.daringfireball.markdown; path = README.md; sourceTree = "<group>"; };
/* End PBXFileReference section */

/* Begin PBXFrameworksBuildPhase section */
		6B1B54A01B6AF69300E6F8FD /* Frameworks */ = {
			isa = PBXFrameworksBuildPhase;
			buildActionMask = 2147483647;
			files = (
			);
			runOnlyForDeploymentPostprocessing = 0;
		};
/* End PBXFrameworksBuildPhase section */

/* Begin PBXGroup section */
		6B1B549A1B6AF69300E6F8FD = {
			isa = PBXGroup;
			children = (
				6B1B54A51B6AF69300E6F8FD /* Tree */,
				6B1B54A41B6AF69300E6F8FD /* Products */,
			);
			sourceTree = "<group>";
		};
		6B1B54A41B6AF69300E6F8FD /* Products */ = {
			isa = PBXGroup;
			children = (
				6B1B54A31B6AF69300E6F8FD /* Tree.app */,
			);
			name = Products;
			sourceTree = "<group>";
		};
		6B1B54A51B6AF69300E6F8FD /* Tree */ = {
			isa = PBXGroup;
			children = (
				6B1B54BD1B6AF6B000E6F8FD /* AppDelegate.h */,
				6B1B54BE1B6AF6B000E6F8FD /* AppDelegate.m */,
				6B1B54BF1B6AF6B000E6F8FD /* TrieController.h */,
				6B1B54C01B6AF6B000E6F8FD /* TrieController.m */,
				6B1B54C11B6AF6B000E6F8FD /* Trie.h */,
				6B1B54C21B6AF6B000E6F8FD /* Trie.m */,
				6B1B54C31B6AF6B000E6F8FD /* TrieDataSource.h */,
				6B1B54C41B6AF6B000E6F8FD /* TrieDataSource.m */,
				6B1B54C51B6AF6B000E6F8FD /* TrieCell.h */,
				6B1B54C61B6AF6B000E6F8FD /* TrieCell.m */,
				6B1B54C71B6AF6B000E6F8FD /* TrieLayout.h */,
				6B1B54C81B6AF6B000E6F8FD /* TrieLayout.m */,
				6B1B54C91B6AF6B000E6F8FD /* TrieLayoutAttributes.h */,
				6B1B54CA1B6AF6B000E6F8FD /* TrieLayoutAttributes.m */,
				6B1B54CB1B6AF6B000E6F8FD /* TrieSuppView.h */,
				6B1B54CC1B6AF6B000E6F8FD /* TrieSuppView.m */,
				6B1B54CD1B6AF6B000E6F8FD /* Main.storyboard */,
				6B1B54CE1B6AF6B000E6F8FD /* README.md */,
				6B1B54B21B6AF69300E6F8FD /* Assets.xcassets */,
				6B1B54B41B6AF69300E6F8FD /* LaunchScreen.storyboard */,
				6B1B54B71B6AF69300E6F8FD /* Info.plist */,
				6B1B54A61B6AF69300E6F8FD /* Supporting Files */,
			);
			path = Tree;
			sourceTree = "<group>";
		};
		6B1B54A61B6AF69300E6F8FD /* Supporting Files */ = {
			isa = PBXGroup;
			children = (
				6B1B54A71B6AF69300E6F8FD /* main.m */,
			);
			name = "Supporting Files";
			sourceTree = "<group>";
		};
/* End PBXGroup section */

/* Begin PBXNativeTarget section */
		6B1B54A21B6AF69300E6F8FD /* Tree */ = {
			isa = PBXNativeTarget;
			buildConfigurationList = 6B1B54BA1B6AF69300E6F8FD /* Build configuration list for PBXNativeTarget "Tree" */;
			buildPhases = (
				6B1B549F1B6AF69300E6F8FD /* Sources */,
				6B1B54A01B6AF69300E6F8FD /* Frameworks */,
				6B1B54A11B6AF69300E6F8FD /* Resources */,
			);
			buildRules = (
			);
			dependencies = (
			);
			name = Tree;
			productName = Tree;
			productReference = 6B1B54A31B6AF69300E6F8FD /* Tree.app */;
			productType = "com.apple.product-type.application";
		};
/* End PBXNativeTarget section */

/* Begin PBXProject section */
		6B1B549B1B6AF69300E6F8FD /* Project object */ = {
			isa = PBXProject;
			attributes = {
				LastUpgradeCheck = 0700;
				ORGANIZATIONNAME = Scott;
				TargetAttributes = {
					6B1B54A21B6AF69300E6F8FD = {
						CreatedOnToolsVersion = 7.0;
					};
				};
			};
			buildConfigurationList = 6B1B549E1B6AF69300E6F8FD /* Build configuration list for PBXProject "Tree" */;
			compatibilityVersion = "Xcode 3.2";
			developmentRegion = English;
			hasScannedForEncodings = 0;
			knownRegions = (
				en,
				Base,
			);
			mainGroup = 6B1B549A1B6AF69300E6F8FD;
			productRefGroup = 6B1B54A41B6AF69300E6F8FD /* Products */;
			projectDirPath = "";
			projectRoot = "";
			targets = (
				6B1B54A21B6AF69300E6F8FD /* Tree */,
			);
		};
/* End PBXProject section */

/* Begin PBXResourcesBuildPhase section */
		6B1B54A11B6AF69300E6F8FD /* Resources */ = {
			isa = PBXResourcesBuildPhase;
			buildActionMask = 2147483647;
			files = (
				6B1B54D71B6AF6B100E6F8FD /* Main.storyboard in Resources */,
				6B1B54B61B6AF69300E6F8FD /* LaunchScreen.storyboard in Resources */,
				6B1B54B31B6AF69300E6F8FD /* Assets.xcassets in Resources */,
			);
			runOnlyForDeploymentPostprocessing = 0;
		};
/* End PBXResourcesBuildPhase section */

/* Begin PBXSourcesBuildPhase section */
		6B1B549F1B6AF69300E6F8FD /* Sources */ = {
			isa = PBXSourcesBuildPhase;
			buildActionMask = 2147483647;
			files = (
				6B1B54D21B6AF6B100E6F8FD /* TrieDataSource.m in Sources */,
				6B1B54CF1B6AF6B100E6F8FD /* AppDelegate.m in Sources */,
				6B1B54D81B6AF6B100E6F8FD /* README.md in Sources */,
				6B1B54D51B6AF6B100E6F8FD /* TrieLayoutAttributes.m in Sources */,
				6B1B54D11B6AF6B100E6F8FD /* Trie.m in Sources */,
				6B1B54D01B6AF6B100E6F8FD /* TrieController.m in Sources */,
				6B1B54D41B6AF6B100E6F8FD /* TrieLayout.m in Sources */,
				6B1B54D61B6AF6B100E6F8FD /* TrieSuppView.m in Sources */,
				6B1B54A81B6AF69300E6F8FD /* main.m in Sources */,
				6B1B54D31B6AF6B100E6F8FD /* TrieCell.m in Sources */,
			);
			runOnlyForDeploymentPostprocessing = 0;
		};
/* End PBXSourcesBuildPhase section */

/* Begin PBXVariantGroup section */
		6B1B54B41B6AF69300E6F8FD /* LaunchScreen.storyboard */ = {
			isa = PBXVariantGroup;
			children = (
				6B1B54B51B6AF69300E6F8FD /* Base */,
			);
			name = LaunchScreen.storyboard;
			sourceTree = "<group>";
		};
/* End PBXVariantGroup section */

/* Begin XCBuildConfiguration section */
		6B1B54B81B6AF69300E6F8FD /* Debug */ = {
			isa = XCBuildConfiguration;
			buildSettings = {
				ALWAYS_SEARCH_USER_PATHS = NO;
				CLANG_CXX_LANGUAGE_STANDARD = "gnu++0x";
				CLANG_CXX_LIBRARY = "libc++";
				CLANG_ENABLE_MODULES = YES;
				CLANG_ENABLE_OBJC_ARC = YES;
				CLANG_WARN_BOOL_CONVERSION = YES;
				CLANG_WARN_CONSTANT_CONVERSION = YES;
				CLANG_WARN_DIRECT_OBJC_ISA_USAGE = YES_ERROR;
				CLANG_WARN_EMPTY_BODY = YES;
				CLANG_WARN_ENUM_CONVERSION = YES;
				CLANG_WARN_INT_CONVERSION = YES;
				CLANG_WARN_OBJC_ROOT_CLASS = YES_ERROR;
				CLANG_WARN_UNREACHABLE_CODE = YES;
				CLANG_WARN__DUPLICATE_METHOD_MATCH = YES;
				"CODE_SIGN_IDENTITY[sdk=iphoneos*]" = "iPhone Developer";
				COPY_PHASE_STRIP = NO;
				DEBUG_INFORMATION_FORMAT = dwarf;
				ENABLE_STRICT_OBJC_MSGSEND = YES;
				ENABLE_TESTABILITY = YES;
				GCC_C_LANGUAGE_STANDARD = gnu99;
				GCC_DYNAMIC_NO_PIC = NO;
				GCC_NO_COMMON_BLOCKS = YES;
				GCC_OPTIMIZATION_LEVEL = 0;
				GCC_PREPROCESSOR_DEFINITIONS = (
					"DEBUG=1",
					"$(inherited)",
				);
				GCC_WARN_64_TO_32_BIT_CONVERSION = YES;
				GCC_WARN_ABOUT_RETURN_TYPE = YES_ERROR;
				GCC_WARN_UNDECLARED_SELECTOR = YES;
				GCC_WARN_UNINITIALIZED_AUTOS = YES_AGGRESSIVE;
				GCC_WARN_UNUSED_FUNCTION = YES;
				GCC_WARN_UNUSED_VARIABLE = YES;
				IPHONEOS_DEPLOYMENT_TARGET = 9.0;
				MTL_ENABLE_DEBUG_INFO = YES;
				ONLY_ACTIVE_ARCH = YES;
				SDKROOT = iphoneos;
				TARGETED_DEVICE_FAMILY = "1,2";
			};
			name = Debug;
		};
		6B1B54B91B6AF69300E6F8FD /* Release */ = {
			isa = XCBuildConfiguration;
			buildSettings = {
				ALWAYS_SEARCH_USER_PATHS = NO;
				CLANG_CXX_LANGUAGE_STANDARD = "gnu++0x";
				CLANG_CXX_LIBRARY = "libc++";
				CLANG_ENABLE_MODULES = YES;
				CLANG_ENABLE_OBJC_ARC = YES;
				CLANG_WARN_BOOL_CONVERSION = YES;
				CLANG_WARN_CONSTANT_CONVERSION = YES;
				CLANG_WARN_DIRECT_OBJC_ISA_USAGE = YES_ERROR;
				CLANG_WARN_EMPTY_BODY = YES;
				CLANG_WARN_ENUM_CONVERSION = YES;
				CLANG_WARN_INT_CONVERSION = YES;
				CLANG_WARN_OBJC_ROOT_CLASS = YES_ERROR;
				CLANG_WARN_UNREACHABLE_CODE = YES;
				CLANG_WARN__DUPLICATE_METHOD_MATCH = YES;
				"CODE_SIGN_IDENTITY[sdk=iphoneos*]" = "iPhone Developer";
				COPY_PHASE_STRIP = NO;
				DEBUG_INFORMATION_FORMAT = "dwarf-with-dsym";
				ENABLE_NS_ASSERTIONS = NO;
				ENABLE_STRICT_OBJC_MSGSEND = YES;
				GCC_C_LANGUAGE_STANDARD = gnu99;
				GCC_NO_COMMON_BLOCKS = YES;
				GCC_WARN_64_TO_32_BIT_CONVERSION = YES;
				GCC_WARN_ABOUT_RETURN_TYPE = YES_ERROR;
				GCC_WARN_UNDECLARED_SELECTOR = YES;
				GCC_WARN_UNINITIALIZED_AUTOS = YES_AGGRESSIVE;
				GCC_WARN_UNUSED_FUNCTION = YES;
				GCC_WARN_UNUSED_VARIABLE = YES;
				IPHONEOS_DEPLOYMENT_TARGET = 9.0;
				MTL_ENABLE_DEBUG_INFO = NO;
				SDKROOT = iphoneos;
				TARGETED_DEVICE_FAMILY = "1,2";
				VALIDATE_PRODUCT = YES;
			};
			name = Release;
		};
		6B1B54BB1B6AF69300E6F8FD /* Debug */ = {
			isa = XCBuildConfiguration;
			buildSettings = {
				ASSETCATALOG_COMPILER_APPICON_NAME = AppIcon;
				INFOPLIST_FILE = Tree/Info.plist;
				LD_RUNPATH_SEARCH_PATHS = "$(inherited) @executable_path/Frameworks";
				PRODUCT_BUNDLE_IDENTIFIER = com.slcott.Tree;
				PRODUCT_NAME = "$(TARGET_NAME)";
			};
			name = Debug;
		};
		6B1B54BC1B6AF69300E6F8FD /* Release */ = {
			isa = XCBuildConfiguration;
			buildSettings = {
				ASSETCATALOG_COMPILER_APPICON_NAME = AppIcon;
				INFOPLIST_FILE = Tree/Info.plist;
				LD_RUNPATH_SEARCH_PATHS = "$(inherited) @executable_path/Frameworks";
				PRODUCT_BUNDLE_IDENTIFIER = com.slcott.Tree;
				PRODUCT_NAME = "$(TARGET_NAME)";
			};
			name = Release;
		};
/* End XCBuildConfiguration section */

/* Begin XCConfigurationList section */
		6B1B549E1B6AF69300E6F8FD /* Build configuration list for PBXProject "Tree" */ = {
			isa = XCConfigurationList;
			buildConfigurations = (
				6B1B54B81B6AF69300E6F8FD /* Debug */,
				6B1B54B91B6AF69300E6F8FD /* Release */,
			);
			defaultConfigurationIsVisible = 0;
			defaultConfigurationName = Release;
		};
		6B1B54BA1B6AF69300E6F8FD /* Build configuration list for PBXNativeTarget "Tree" */ = {
			isa = XCConfigurationList;
			buildConfigurations = (
				6B1B54BB1B6AF69300E6F8FD /* Debug */,
				6B1B54BC1B6AF69300E6F8FD /* Release */,
			);
			defaultConfigurationIsVisible = 0;
		};
/* End XCConfigurationList section */
	};
	rootObject = 6B1B549B1B6AF69300E6F8FD /* Project object */;
}
